
Microsoft Visual Studio Solution File, Format Version 12.00
# Visual Studio Version 17
VisualStudioVersion = 17.6.33815.320
MinimumVisualStudioVersion = 10.0.40219.1
Project("{FAE04EC0-301F-11D3-BF4B-00C04F79EFBC}") = "SmallestPostiveNoNotInArray", "SmallestPostiveNoNotInArray\SmallestPostiveNoNotInArray.csproj", "{5032F254-C05B-4D5A-AEE2-EA9DA4B9DC45}"
EndProject
Global
	GlobalSection(SolutionConfigurationPlatforms) = preSolution
		Debug|Any CPU = Debug|Any CPU
		Release|Any CPU = Release|Any CPU
	EndGlobalSection
	GlobalSection(ProjectConfigurationPlatforms) = postSolution
		{5032F254-C05B-4D5A-AEE2-EA9DA4B9DC45}.Debug|Any CPU.ActiveCfg = Debug|Any CPU
		{5032F254-C05B-4D5A-AEE2-EA9DA4B9DC45}.Debug|Any CPU.Build.0 = Debug|Any CPU
		{5032F254-C05B-4D5A-AEE2-EA9DA4B9DC45}.Release|Any CPU.ActiveCfg = Release|Any CPU
		{5032F254-C05B-4D5A-AEE2-EA9DA4B9DC45}.Release|Any CPU.Build.0 = Release|Any CPU
	EndGlobalSection
	GlobalSection(SolutionProperties) = preSolution
		HideSolutionNode = FALSE
	EndGlobalSection
	GlobalSection(ExtensibilityGlobals) = postSolution
		SolutionGuid = {538FAE21-F2BB-40EF-907F-F0D5934EF2C7}
	EndGlobalSection
EndGlobal
